
Microsoft Visual Studio Solution File, Format Version 12.00
# Visual Studio Version 17
VisualStudioVersion = 17.0.32126.317
MinimumVisualStudioVersion = 10.0.40219.1
Project("{2150E333-8FDC-42A3-9474-1A3956D46DE8}") = "Web", "Web", "{C2792E6F-9DE3-4B7A-AB27-15B9B35E79CD}"
EndProject
Project("{2150E333-8FDC-42A3-9474-1A3956D46DE8}") = "API", "API", "{2DCD0C65-24AE-41CB-9D61-8FB3DD9A4BE1}"
EndProject
Project("{2150E333-8FDC-42A3-9474-1A3956D46DE8}") = "Models", "Models", "{66E1043D-2998-4414-85C3-361D8B98BEB3}"
EndProject
Project("{9A19103F-16F7-4668-BE54-9A1E7A4F7556}") = "Models", "Models\Models.csproj", "{89F3ED5B-E0A4-4473-9546-3DF9A2CEEF90}"
EndProject
Project("{9A19103F-16F7-4668-BE54-9A1E7A4F7556}") = "CryptoDevilAPI", "API\CryptoDevilAPI\CryptoDevilAPI.csproj", "{E8D0D156-5563-4ECB-889F-FDC30C5866D7}"
EndProject
Project("{9A19103F-16F7-4668-BE54-9A1E7A4F7556}") = "CryptoDevilAPI_Tests", "API\CryptoDevilAPI_Tests\CryptoDevilAPI_Tests.csproj", "{440AABEB-0114-4D1A-B980-F34EAACD7863}"
EndProject
Project("{9A19103F-16F7-4668-BE54-9A1E7A4F7556}") = "CryptoWebMudBlazor", "Web\CryptoWeb\CryptoWebMudBlazor\CryptoWebMudBlazor.csproj", "{820A98C3-6C32-443E-9A5D-418B8B89BE94}"
EndProject
Project("{2150E333-8FDC-42A3-9474-1A3956D46DE8}") = "Jobs", "Jobs", "{69C14BE3-14EA-4815-899F-37B23E061DF6}"
EndProject
Project("{FAE04EC0-301F-11D3-BF4B-00C04F79EFBC}") = "TradeProcessor", "Jobs\TradeProcessor\TradeProcessor.csproj", "{CBD94B1A-9D40-43F5-816E-71789C119A91}"
EndProject
Global
	GlobalSection(SolutionConfigurationPlatforms) = preSolution
		Debug|Any CPU = Debug|Any CPU
		Release|Any CPU = Release|Any CPU
	EndGlobalSection
	GlobalSection(ProjectConfigurationPlatforms) = postSolution
		{89F3ED5B-E0A4-4473-9546-3DF9A2CEEF90}.Debug|Any CPU.ActiveCfg = Debug|Any CPU
		{89F3ED5B-E0A4-4473-9546-3DF9A2CEEF90}.Debug|Any CPU.Build.0 = Debug|Any CPU
		{89F3ED5B-E0A4-4473-9546-3DF9A2CEEF90}.Release|Any CPU.ActiveCfg = Release|Any CPU
		{89F3ED5B-E0A4-4473-9546-3DF9A2CEEF90}.Release|Any CPU.Build.0 = Release|Any CPU
		{E8D0D156-5563-4ECB-889F-FDC30C5866D7}.Debug|Any CPU.ActiveCfg = Debug|Any CPU
		{E8D0D156-5563-4ECB-889F-FDC30C5866D7}.Debug|Any CPU.Build.0 = Debug|Any CPU
		{E8D0D156-5563-4ECB-889F-FDC30C5866D7}.Release|Any CPU.ActiveCfg = Release|Any CPU
		{E8D0D156-5563-4ECB-889F-FDC30C5866D7}.Release|Any CPU.Build.0 = Release|Any CPU
		{440AABEB-0114-4D1A-B980-F34EAACD7863}.Debug|Any CPU.ActiveCfg = Debug|Any CPU
		{440AABEB-0114-4D1A-B980-F34EAACD7863}.Debug|Any CPU.Build.0 = Debug|Any CPU
		{440AABEB-0114-4D1A-B980-F34EAACD7863}.Release|Any CPU.ActiveCfg = Release|Any CPU
		{440AABEB-0114-4D1A-B980-F34EAACD7863}.Release|Any CPU.Build.0 = Release|Any CPU
		{820A98C3-6C32-443E-9A5D-418B8B89BE94}.Debug|Any CPU.ActiveCfg = Debug|Any CPU
		{820A98C3-6C32-443E-9A5D-418B8B89BE94}.Debug|Any CPU.Build.0 = Debug|Any CPU
		{820A98C3-6C32-443E-9A5D-418B8B89BE94}.Release|Any CPU.ActiveCfg = Release|Any CPU
		{820A98C3-6C32-443E-9A5D-418B8B89BE94}.Release|Any CPU.Build.0 = Release|Any CPU
		{CBD94B1A-9D40-43F5-816E-71789C119A91}.Debug|Any CPU.ActiveCfg = Debug|Any CPU
		{CBD94B1A-9D40-43F5-816E-71789C119A91}.Debug|Any CPU.Build.0 = Debug|Any CPU
		{CBD94B1A-9D40-43F5-816E-71789C119A91}.Release|Any CPU.ActiveCfg = Release|Any CPU
		{CBD94B1A-9D40-43F5-816E-71789C119A91}.Release|Any CPU.Build.0 = Release|Any CPU
	EndGlobalSection
	GlobalSection(SolutionProperties) = preSolution
		HideSolutionNode = FALSE
	EndGlobalSection
	GlobalSection(NestedProjects) = preSolution
		{89F3ED5B-E0A4-4473-9546-3DF9A2CEEF90} = {66E1043D-2998-4414-85C3-361D8B98BEB3}
		{E8D0D156-5563-4ECB-889F-FDC30C5866D7} = {2DCD0C65-24AE-41CB-9D61-8FB3DD9A4BE1}
		{440AABEB-0114-4D1A-B980-F34EAACD7863} = {2DCD0C65-24AE-41CB-9D61-8FB3DD9A4BE1}
		{820A98C3-6C32-443E-9A5D-418B8B89BE94} = {C2792E6F-9DE3-4B7A-AB27-15B9B35E79CD}
		{CBD94B1A-9D40-43F5-816E-71789C119A91} = {69C14BE3-14EA-4815-899F-37B23E061DF6}
	EndGlobalSection
	GlobalSection(ExtensibilityGlobals) = postSolution
		SolutionGuid = {FD43EFAC-71E6-4C16-B097-E0AB79646C46}
	EndGlobalSection
EndGlobal
