
Microsoft Visual Studio Solution File, Format Version 12.00
# Visual Studio Version 16
VisualStudioVersion = 16.0.32106.194
MinimumVisualStudioVersion = 10.0.40219.1
Project("{9A19103F-16F7-4668-BE54-9A1E7A4F7556}") = "CryptoDevilAPI", "CryptoDevilAPI.csproj", "{C5FE9F3D-8572-4705-A35C-5789F21AF20B}"
EndProject
Project("{FAE04EC0-301F-11D3-BF4B-00C04F79EFBC}") = "CryptoDevilAPI_Tests", "..\CryptoDevilAPI_Tests\CryptoDevilAPI_Tests.csproj", "{A0A4F965-3D0A-4BFD-AF26-AF7B59C38880}"
EndProject
Global
	GlobalSection(SolutionConfigurationPlatforms) = preSolution
		Debug|Any CPU = Debug|Any CPU
		Release|Any CPU = Release|Any CPU
	EndGlobalSection
	GlobalSection(ProjectConfigurationPlatforms) = postSolution
		{C5FE9F3D-8572-4705-A35C-5789F21AF20B}.Debug|Any CPU.ActiveCfg = Debug|Any CPU
		{C5FE9F3D-8572-4705-A35C-5789F21AF20B}.Debug|Any CPU.Build.0 = Debug|Any CPU
		{C5FE9F3D-8572-4705-A35C-5789F21AF20B}.Release|Any CPU.ActiveCfg = Release|Any CPU
		{C5FE9F3D-8572-4705-A35C-5789F21AF20B}.Release|Any CPU.Build.0 = Release|Any CPU
		{A0A4F965-3D0A-4BFD-AF26-AF7B59C38880}.Debug|Any CPU.ActiveCfg = Debug|Any CPU
		{A0A4F965-3D0A-4BFD-AF26-AF7B59C38880}.Debug|Any CPU.Build.0 = Debug|Any CPU
		{A0A4F965-3D0A-4BFD-AF26-AF7B59C38880}.Release|Any CPU.ActiveCfg = Release|Any CPU
		{A0A4F965-3D0A-4BFD-AF26-AF7B59C38880}.Release|Any CPU.Build.0 = Release|Any CPU
	EndGlobalSection
	GlobalSection(SolutionProperties) = preSolution
		HideSolutionNode = FALSE
	EndGlobalSection
	GlobalSection(ExtensibilityGlobals) = postSolution
		SolutionGuid = {650BAB31-04E8-4AD9-A5BF-DC26342BE835}
	EndGlobalSection
EndGlobal
